{
  "name": "sdk",
  "lockfileVersion": 3,
  "requires": true,
  "packages": {
    "": {
      "dependencies": {
        "@soniox/node": "2.3.0"
      }
    },
    "node_modules/@soniox/node": {
      "version": "2.3.0",
      "resolved": "https://registry.npmjs.org/@soniox/node/-/node-2.3.0.tgz",
      "integrity": "sha512-WGDxaUFzet/NXoLYj5kw/JPAvFFWwce+iwhBNfWupNpXubXR5ijpUO6Qt5xnVYmpqnDtG57t8TIfKaFprL6y3g==",
      "license": "MIT"
    }
  }
}
